
Microsoft Visual Studio Solution File, Format Version 12.00
# Visual Studio Version 17
VisualStudioVersion = 17.5.33516.290
MinimumVisualStudioVersion = 10.0.40219.1
Project("{9A19103F-16F7-4668-BE54-9A1E7A4F7556}") = "DataGridDemo", "DataGridDemo\DataGridDemo.csproj", "{FAD7130D-9869-4ED3-B171-FFA80C18B260}"
EndProject
Project("{9A19103F-16F7-4668-BE54-9A1E7A4F7556}") = "DataGridDemo.Wpf", "DataGridDemo.Wpf\DataGridDemo.Wpf.csproj", "{D42382F9-19FD-4204-B3AA-C0CDCA90D225}"
EndProject
Project("{9A19103F-16F7-4668-BE54-9A1E7A4F7556}") = "MyToDo", "MyToDo\MyToDo.csproj", "{BAEF5A27-28AC-41A2-81B5-6D76AB8159DA}"
EndProject
Project("{FAE04EC0-301F-11D3-BF4B-00C04F79EFBC}") = "MyToDo.CommunityToolkit.Mvvm", "MyToDo.CommunityToolkit.Mvvm\MyToDo.CommunityToolkit.Mvvm.csproj", "{FE59BD9D-D995-4913-A06F-F907E391414F}"
EndProject
Project("{FAE04EC0-301F-11D3-BF4B-00C04F79EFBC}") = "MyToDo.Mvvmlight", "MyToDo.Mvvmlight\MyToDo.Mvvmlight.csproj", "{80C05896-A7DD-4B7C-B42D-2EF60D711A16}"
EndProject
Global
	GlobalSection(SolutionConfigurationPlatforms) = preSolution
		Debug|Any CPU = Debug|Any CPU
		Release|Any CPU = Release|Any CPU
	EndGlobalSection
	GlobalSection(ProjectConfigurationPlatforms) = postSolution
		{FAD7130D-9869-4ED3-B171-FFA80C18B260}.Debug|Any CPU.ActiveCfg = Debug|Any CPU
		{FAD7130D-9869-4ED3-B171-FFA80C18B260}.Debug|Any CPU.Build.0 = Debug|Any CPU
		{FAD7130D-9869-4ED3-B171-FFA80C18B260}.Release|Any CPU.ActiveCfg = Release|Any CPU
		{FAD7130D-9869-4ED3-B171-FFA80C18B260}.Release|Any CPU.Build.0 = Release|Any CPU
		{D42382F9-19FD-4204-B3AA-C0CDCA90D225}.Debug|Any CPU.ActiveCfg = Debug|Any CPU
		{D42382F9-19FD-4204-B3AA-C0CDCA90D225}.Debug|Any CPU.Build.0 = Debug|Any CPU
		{D42382F9-19FD-4204-B3AA-C0CDCA90D225}.Release|Any CPU.ActiveCfg = Release|Any CPU
		{D42382F9-19FD-4204-B3AA-C0CDCA90D225}.Release|Any CPU.Build.0 = Release|Any CPU
		{BAEF5A27-28AC-41A2-81B5-6D76AB8159DA}.Debug|Any CPU.ActiveCfg = Debug|Any CPU
		{BAEF5A27-28AC-41A2-81B5-6D76AB8159DA}.Debug|Any CPU.Build.0 = Debug|Any CPU
		{BAEF5A27-28AC-41A2-81B5-6D76AB8159DA}.Release|Any CPU.ActiveCfg = Release|Any CPU
		{BAEF5A27-28AC-41A2-81B5-6D76AB8159DA}.Release|Any CPU.Build.0 = Release|Any CPU
		{FE59BD9D-D995-4913-A06F-F907E391414F}.Debug|Any CPU.ActiveCfg = Debug|Any CPU
		{FE59BD9D-D995-4913-A06F-F907E391414F}.Debug|Any CPU.Build.0 = Debug|Any CPU
		{FE59BD9D-D995-4913-A06F-F907E391414F}.Release|Any CPU.ActiveCfg = Release|Any CPU
		{FE59BD9D-D995-4913-A06F-F907E391414F}.Release|Any CPU.Build.0 = Release|Any CPU
		{80C05896-A7DD-4B7C-B42D-2EF60D711A16}.Debug|Any CPU.ActiveCfg = Debug|Any CPU
		{80C05896-A7DD-4B7C-B42D-2EF60D711A16}.Debug|Any CPU.Build.0 = Debug|Any CPU
		{80C05896-A7DD-4B7C-B42D-2EF60D711A16}.Release|Any CPU.ActiveCfg = Release|Any CPU
		{80C05896-A7DD-4B7C-B42D-2EF60D711A16}.Release|Any CPU.Build.0 = Release|Any CPU
	EndGlobalSection
	GlobalSection(SolutionProperties) = preSolution
		HideSolutionNode = FALSE
	EndGlobalSection
	GlobalSection(ExtensibilityGlobals) = postSolution
		SolutionGuid = {205674CC-6F6A-4A18-A9D8-7F636D05FBD9}
	EndGlobalSection
EndGlobal
