
Microsoft Visual Studio Solution File, Format Version 12.00
# Visual Studio Version 17
VisualStudioVersion = 17.5.33516.290
MinimumVisualStudioVersion = 10.0.40219.1
Project("{2150E333-8FDC-42A3-9474-1A3956D46DE8}") = "Tests", "Tests", "{C5C50A49-7633-438E-996F-88A4999386BF}"
EndProject
Project("{9A19103F-16F7-4668-BE54-9A1E7A4F7556}") = "MyToDo.UsePrism.Temp.Modules.ModuleName.Tests", "MyToDo.UsePrism.Temp\Tests\MyToDo.UsePrism.Temp.Modules.ModuleName.Tests\MyToDo.UsePrism.Temp.Modules.ModuleName.Tests.csproj", "{2CCCED1F-D034-47C5-B54F-6A74C12A51A1}"
EndProject
Project("{2150E333-8FDC-42A3-9474-1A3956D46DE8}") = "Modules", "Modules", "{4BA8D153-4D67-4313-BA15-3417949A540D}"
EndProject
Project("{9A19103F-16F7-4668-BE54-9A1E7A4F7556}") = "MyToDo.UsePrism.Temp.Modules.ModuleName", "MyToDo.UsePrism.Temp\Modules\MyToDo.UsePrism.Temp.Modules.ModuleName\MyToDo.UsePrism.Temp.Modules.ModuleName.csproj", "{9E01489D-0D71-4E83-B0DE-63295AEA24D6}"
EndProject
Project("{2150E333-8FDC-42A3-9474-1A3956D46DE8}") = "Services", "Services", "{FC2AE33E-9A9A-4FB5-A736-43E3DA10C9CB}"
EndProject
Project("{9A19103F-16F7-4668-BE54-9A1E7A4F7556}") = "MyToDo.UsePrism.Temp.Services", "MyToDo.UsePrism.Temp\Services\MyToDo.UsePrism.Temp.Services\MyToDo.UsePrism.Temp.Services.csproj", "{68B470E2-D77E-4751-B8A1-6BAEB0306084}"
EndProject
Project("{9A19103F-16F7-4668-BE54-9A1E7A4F7556}") = "MyToDo.UsePrism.Temp.Services.Interfaces", "MyToDo.UsePrism.Temp\Services\MyToDo.UsePrism.Temp.Services.Interfaces\MyToDo.UsePrism.Temp.Services.Interfaces.csproj", "{ABC486F0-9235-4CCC-8B0F-2E8E8135661B}"
EndProject
Project("{9A19103F-16F7-4668-BE54-9A1E7A4F7556}") = "DataGridDemo", "DataGridDemo\DataGridDemo.csproj", "{1411A51B-8CDB-44E1-A216-360D1079F4C2}"
EndProject
Project("{9A19103F-16F7-4668-BE54-9A1E7A4F7556}") = "DataGridDemo.Wpf", "DataGridDemo.Wpf\DataGridDemo.Wpf.csproj", "{22A0B6A1-EBA7-43B7-B26B-A4AFB0FE43B5}"
EndProject
Project("{9A19103F-16F7-4668-BE54-9A1E7A4F7556}") = "MyToDo", "MyToDo\MyToDo.csproj", "{343E7270-B116-4EEF-B4D4-43AF0C417A11}"
EndProject
Project("{9A19103F-16F7-4668-BE54-9A1E7A4F7556}") = "MyToDo.CommunityToolkit.Mvvm", "MyToDo.CommunityToolkit.Mvvm\MyToDo.CommunityToolkit.Mvvm.csproj", "{31334DC2-8C6D-4755-A480-52FDB30EB5AB}"
EndProject
Project("{9A19103F-16F7-4668-BE54-9A1E7A4F7556}") = "MyToDo.Mvvmlight", "MyToDo.Mvvmlight\MyToDo.Mvvmlight.csproj", "{E5F1096D-18D2-413D-B15C-8641B52F72AE}"
EndProject
Project("{9A19103F-16F7-4668-BE54-9A1E7A4F7556}") = "MyToDo.Microsoft.Toolkit.Mvvm", "MyToDo.Microsoft.Toolkit.Mvvm\MyToDo.Microsoft.Toolkit.Mvvm.csproj", "{A02821F2-3FC7-4861-B579-587246CBC6F0}"
EndProject
Project("{9A19103F-16F7-4668-BE54-9A1E7A4F7556}") = "MyToDo.Resources", "MyToDo.Resources\MyToDo.Resources.csproj", "{51C81814-3B70-4099-957C-378DDDEE3AF7}"
EndProject
Project("{9A19103F-16F7-4668-BE54-9A1E7A4F7556}") = "MyToDo.Animation", "MyToDo.Animation\MyToDo.Animation.csproj", "{853EE3E0-9DCE-4DA7-9E09-48D3CFA56804}"
EndProject
Project("{9A19103F-16F7-4668-BE54-9A1E7A4F7556}") = "MyToDo.UsePrism", "MyToDo.UsePrism\MyToDo.UsePrism.csproj", "{1E9671D3-EC97-44E8-B5F8-C399803177CC}"
EndProject
Project("{9A19103F-16F7-4668-BE54-9A1E7A4F7556}") = "MyToDo.UsePrism.Temp", "MyToDo.UsePrism.Temp\MyToDo.UsePrism.Temp\MyToDo.UsePrism.Temp.csproj", "{648025E5-0A5A-4DD3-B3E7-DECAEB6EFA3F}"
EndProject
Project("{9A19103F-16F7-4668-BE54-9A1E7A4F7556}") = "MyToDo.UsePrism.Temp.Core", "MyToDo.UsePrism.Temp\MyToDo.UsePrism.Temp.Core\MyToDo.UsePrism.Temp.Core.csproj", "{62524CE6-0AEB-4C62-8CEF-617B1685D0F5}"
EndProject
Project("{9A19103F-16F7-4668-BE54-9A1E7A4F7556}") = "MyToDo.UsePrism2", "MyToDo.UsePrism2\MyToDo.UsePrism2.csproj", "{2D4F5870-43AD-4DB5-A01D-BC1A5CB88D9B}"
EndProject
Project("{9A19103F-16F7-4668-BE54-9A1E7A4F7556}") = "MyToDo.UsePrism2.ModuleA", "MyToDo.UsePrism2.ModuleA\MyToDo.UsePrism2.ModuleA.csproj", "{18FA7790-16AA-46CD-9F1F-7A4378F23EC2}"
EndProject
Project("{9A19103F-16F7-4668-BE54-9A1E7A4F7556}") = "MyToDo.UsePrism2.ModuleB", "MyToDo.UsePrism2.ModuleB\MyToDo.UsePrism2.ModuleB.csproj", "{B791236E-B729-44EB-95FA-D9066C708316}"
EndProject
Project("{2150E333-8FDC-42A3-9474-1A3956D46DE8}") = "Main", "Main", "{179E611E-558F-4A8D-BFA5-712993FA2374}"
	ProjectSection(SolutionItems) = preProject
		readme.md = readme.md
	EndProjectSection
EndProject
Project("{9A19103F-16F7-4668-BE54-9A1E7A4F7556}") = "MyToDo.Client", "MyToDo.Client\MyToDo.Client.csproj", "{BA75E9D0-8FFC-42D3-BAD1-E2E931399E29}"
EndProject
Project("{9A19103F-16F7-4668-BE54-9A1E7A4F7556}") = "MyToDo.Api", "MyToDo.Api\MyToDo.Api.csproj", "{455A618C-4513-4FE8-8508-6DD87FA917FE}"
EndProject
Project("{9A19103F-16F7-4668-BE54-9A1E7A4F7556}") = "MyToDo.Share", "MyToDo.Share\MyToDo.Share.csproj", "{5DD3FA29-CD5D-44E4-A613-30745484F209}"
EndProject
Project("{2150E333-8FDC-42A3-9474-1A3956D46DE8}") = "Sample", "Sample", "{EE6F0199-CE29-4A60-BFB6-12BDF33CCD39}"
EndProject
Project("{9A19103F-16F7-4668-BE54-9A1E7A4F7556}") = "Sample.1", "Sample.1\Sample.1.csproj", "{4C9DE107-68CE-453C-82CB-ED250AE9DF11}"
EndProject
Project("{9A19103F-16F7-4668-BE54-9A1E7A4F7556}") = "Sample.2", "Sample.2\Sample.2.csproj", "{9F557A45-314F-4554-8BC9-2926E8EB7D4B}"
EndProject
Project("{9A19103F-16F7-4668-BE54-9A1E7A4F7556}") = "Sample.3", "Sample.3\Sample.3.csproj", "{D0B32842-FBA5-4E5D-82E7-FE25CCF5EE3B}"
EndProject
Project("{FAE04EC0-301F-11D3-BF4B-00C04F79EFBC}") = "Sample.4", "Sample.4\Sample.4.csproj", "{85FDFE85-70FD-4ECB-A6CA-1E3402C5323E}"
EndProject
Project("{FAE04EC0-301F-11D3-BF4B-00C04F79EFBC}") = "CustomizeTitle", "CustomizeTitle\CustomizeTitle.csproj", "{6F84D89C-7605-4649-AE4F-CAAC006C0314}"
EndProject
Project("{FAE04EC0-301F-11D3-BF4B-00C04F79EFBC}") = "Sample.5", "Sample.5\Sample.5.csproj", "{427EDA18-6FBA-40BA-9C87-D394FB1B0C1B}"
EndProject
Project("{FAE04EC0-301F-11D3-BF4B-00C04F79EFBC}") = "Sample.6", "Sample.6\Sample.6.csproj", "{39B241B7-9E8C-48C4-918C-DF643B624F3B}"
EndProject
Project("{FAE04EC0-301F-11D3-BF4B-00C04F79EFBC}") = "Sample.7", "Sample.7\Sample.7.csproj", "{59B91CC9-B349-41AF-9111-37C18C996293}"
EndProject
Project("{FAE04EC0-301F-11D3-BF4B-00C04F79EFBC}") = "Sample.8", "Sample.8\Sample.8.csproj", "{1D62DB62-72BC-4F84-A168-2AA184131B1C}"
EndProject
Global
	GlobalSection(SolutionConfigurationPlatforms) = preSolution
		Debug|Any CPU = Debug|Any CPU
		Release|Any CPU = Release|Any CPU
	EndGlobalSection
	GlobalSection(ProjectConfigurationPlatforms) = postSolution
		{2CCCED1F-D034-47C5-B54F-6A74C12A51A1}.Debug|Any CPU.ActiveCfg = Debug|Any CPU
		{2CCCED1F-D034-47C5-B54F-6A74C12A51A1}.Debug|Any CPU.Build.0 = Debug|Any CPU
		{2CCCED1F-D034-47C5-B54F-6A74C12A51A1}.Release|Any CPU.ActiveCfg = Release|Any CPU
		{2CCCED1F-D034-47C5-B54F-6A74C12A51A1}.Release|Any CPU.Build.0 = Release|Any CPU
		{9E01489D-0D71-4E83-B0DE-63295AEA24D6}.Debug|Any CPU.ActiveCfg = Debug|Any CPU
		{9E01489D-0D71-4E83-B0DE-63295AEA24D6}.Debug|Any CPU.Build.0 = Debug|Any CPU
		{9E01489D-0D71-4E83-B0DE-63295AEA24D6}.Release|Any CPU.ActiveCfg = Release|Any CPU
		{9E01489D-0D71-4E83-B0DE-63295AEA24D6}.Release|Any CPU.Build.0 = Release|Any CPU
		{68B470E2-D77E-4751-B8A1-6BAEB0306084}.Debug|Any CPU.ActiveCfg = Debug|Any CPU
		{68B470E2-D77E-4751-B8A1-6BAEB0306084}.Debug|Any CPU.Build.0 = Debug|Any CPU
		{68B470E2-D77E-4751-B8A1-6BAEB0306084}.Release|Any CPU.ActiveCfg = Release|Any CPU
		{68B470E2-D77E-4751-B8A1-6BAEB0306084}.Release|Any CPU.Build.0 = Release|Any CPU
		{ABC486F0-9235-4CCC-8B0F-2E8E8135661B}.Debug|Any CPU.ActiveCfg = Debug|Any CPU
		{ABC486F0-9235-4CCC-8B0F-2E8E8135661B}.Debug|Any CPU.Build.0 = Debug|Any CPU
		{ABC486F0-9235-4CCC-8B0F-2E8E8135661B}.Release|Any CPU.ActiveCfg = Release|Any CPU
		{ABC486F0-9235-4CCC-8B0F-2E8E8135661B}.Release|Any CPU.Build.0 = Release|Any CPU
		{1411A51B-8CDB-44E1-A216-360D1079F4C2}.Debug|Any CPU.ActiveCfg = Debug|Any CPU
		{1411A51B-8CDB-44E1-A216-360D1079F4C2}.Debug|Any CPU.Build.0 = Debug|Any CPU
		{1411A51B-8CDB-44E1-A216-360D1079F4C2}.Release|Any CPU.ActiveCfg = Release|Any CPU
		{1411A51B-8CDB-44E1-A216-360D1079F4C2}.Release|Any CPU.Build.0 = Release|Any CPU
		{22A0B6A1-EBA7-43B7-B26B-A4AFB0FE43B5}.Debug|Any CPU.ActiveCfg = Debug|Any CPU
		{22A0B6A1-EBA7-43B7-B26B-A4AFB0FE43B5}.Debug|Any CPU.Build.0 = Debug|Any CPU
		{22A0B6A1-EBA7-43B7-B26B-A4AFB0FE43B5}.Release|Any CPU.ActiveCfg = Release|Any CPU
		{22A0B6A1-EBA7-43B7-B26B-A4AFB0FE43B5}.Release|Any CPU.Build.0 = Release|Any CPU
		{343E7270-B116-4EEF-B4D4-43AF0C417A11}.Debug|Any CPU.ActiveCfg = Debug|Any CPU
		{343E7270-B116-4EEF-B4D4-43AF0C417A11}.Debug|Any CPU.Build.0 = Debug|Any CPU
		{343E7270-B116-4EEF-B4D4-43AF0C417A11}.Release|Any CPU.ActiveCfg = Release|Any CPU
		{343E7270-B116-4EEF-B4D4-43AF0C417A11}.Release|Any CPU.Build.0 = Release|Any CPU
		{31334DC2-8C6D-4755-A480-52FDB30EB5AB}.Debug|Any CPU.ActiveCfg = Debug|Any CPU
		{31334DC2-8C6D-4755-A480-52FDB30EB5AB}.Debug|Any CPU.Build.0 = Debug|Any CPU
		{31334DC2-8C6D-4755-A480-52FDB30EB5AB}.Release|Any CPU.ActiveCfg = Release|Any CPU
		{31334DC2-8C6D-4755-A480-52FDB30EB5AB}.Release|Any CPU.Build.0 = Release|Any CPU
		{E5F1096D-18D2-413D-B15C-8641B52F72AE}.Debug|Any CPU.ActiveCfg = Debug|Any CPU
		{E5F1096D-18D2-413D-B15C-8641B52F72AE}.Debug|Any CPU.Build.0 = Debug|Any CPU
		{E5F1096D-18D2-413D-B15C-8641B52F72AE}.Release|Any CPU.ActiveCfg = Release|Any CPU
		{E5F1096D-18D2-413D-B15C-8641B52F72AE}.Release|Any CPU.Build.0 = Release|Any CPU
		{A02821F2-3FC7-4861-B579-587246CBC6F0}.Debug|Any CPU.ActiveCfg = Debug|Any CPU
		{A02821F2-3FC7-4861-B579-587246CBC6F0}.Debug|Any CPU.Build.0 = Debug|Any CPU
		{A02821F2-3FC7-4861-B579-587246CBC6F0}.Release|Any CPU.ActiveCfg = Release|Any CPU
		{A02821F2-3FC7-4861-B579-587246CBC6F0}.Release|Any CPU.Build.0 = Release|Any CPU
		{51C81814-3B70-4099-957C-378DDDEE3AF7}.Debug|Any CPU.ActiveCfg = Debug|Any CPU
		{51C81814-3B70-4099-957C-378DDDEE3AF7}.Debug|Any CPU.Build.0 = Debug|Any CPU
		{51C81814-3B70-4099-957C-378DDDEE3AF7}.Release|Any CPU.ActiveCfg = Release|Any CPU
		{51C81814-3B70-4099-957C-378DDDEE3AF7}.Release|Any CPU.Build.0 = Release|Any CPU
		{853EE3E0-9DCE-4DA7-9E09-48D3CFA56804}.Debug|Any CPU.ActiveCfg = Debug|Any CPU
		{853EE3E0-9DCE-4DA7-9E09-48D3CFA56804}.Debug|Any CPU.Build.0 = Debug|Any CPU
		{853EE3E0-9DCE-4DA7-9E09-48D3CFA56804}.Release|Any CPU.ActiveCfg = Release|Any CPU
		{853EE3E0-9DCE-4DA7-9E09-48D3CFA56804}.Release|Any CPU.Build.0 = Release|Any CPU
		{1E9671D3-EC97-44E8-B5F8-C399803177CC}.Debug|Any CPU.ActiveCfg = Debug|Any CPU
		{1E9671D3-EC97-44E8-B5F8-C399803177CC}.Debug|Any CPU.Build.0 = Debug|Any CPU
		{1E9671D3-EC97-44E8-B5F8-C399803177CC}.Release|Any CPU.ActiveCfg = Release|Any CPU
		{1E9671D3-EC97-44E8-B5F8-C399803177CC}.Release|Any CPU.Build.0 = Release|Any CPU
		{648025E5-0A5A-4DD3-B3E7-DECAEB6EFA3F}.Debug|Any CPU.ActiveCfg = Debug|Any CPU
		{648025E5-0A5A-4DD3-B3E7-DECAEB6EFA3F}.Debug|Any CPU.Build.0 = Debug|Any CPU
		{648025E5-0A5A-4DD3-B3E7-DECAEB6EFA3F}.Release|Any CPU.ActiveCfg = Release|Any CPU
		{648025E5-0A5A-4DD3-B3E7-DECAEB6EFA3F}.Release|Any CPU.Build.0 = Release|Any CPU
		{62524CE6-0AEB-4C62-8CEF-617B1685D0F5}.Debug|Any CPU.ActiveCfg = Debug|Any CPU
		{62524CE6-0AEB-4C62-8CEF-617B1685D0F5}.Debug|Any CPU.Build.0 = Debug|Any CPU
		{62524CE6-0AEB-4C62-8CEF-617B1685D0F5}.Release|Any CPU.ActiveCfg = Release|Any CPU
		{62524CE6-0AEB-4C62-8CEF-617B1685D0F5}.Release|Any CPU.Build.0 = Release|Any CPU
		{2D4F5870-43AD-4DB5-A01D-BC1A5CB88D9B}.Debug|Any CPU.ActiveCfg = Debug|Any CPU
		{2D4F5870-43AD-4DB5-A01D-BC1A5CB88D9B}.Debug|Any CPU.Build.0 = Debug|Any CPU
		{2D4F5870-43AD-4DB5-A01D-BC1A5CB88D9B}.Release|Any CPU.ActiveCfg = Release|Any CPU
		{2D4F5870-43AD-4DB5-A01D-BC1A5CB88D9B}.Release|Any CPU.Build.0 = Release|Any CPU
		{18FA7790-16AA-46CD-9F1F-7A4378F23EC2}.Debug|Any CPU.ActiveCfg = Debug|Any CPU
		{18FA7790-16AA-46CD-9F1F-7A4378F23EC2}.Debug|Any CPU.Build.0 = Debug|Any CPU
		{18FA7790-16AA-46CD-9F1F-7A4378F23EC2}.Release|Any CPU.ActiveCfg = Release|Any CPU
		{18FA7790-16AA-46CD-9F1F-7A4378F23EC2}.Release|Any CPU.Build.0 = Release|Any CPU
		{B791236E-B729-44EB-95FA-D9066C708316}.Debug|Any CPU.ActiveCfg = Debug|Any CPU
		{B791236E-B729-44EB-95FA-D9066C708316}.Debug|Any CPU.Build.0 = Debug|Any CPU
		{B791236E-B729-44EB-95FA-D9066C708316}.Release|Any CPU.ActiveCfg = Release|Any CPU
		{B791236E-B729-44EB-95FA-D9066C708316}.Release|Any CPU.Build.0 = Release|Any CPU
		{BA75E9D0-8FFC-42D3-BAD1-E2E931399E29}.Debug|Any CPU.ActiveCfg = Debug|Any CPU
		{BA75E9D0-8FFC-42D3-BAD1-E2E931399E29}.Debug|Any CPU.Build.0 = Debug|Any CPU
		{BA75E9D0-8FFC-42D3-BAD1-E2E931399E29}.Release|Any CPU.ActiveCfg = Release|Any CPU
		{BA75E9D0-8FFC-42D3-BAD1-E2E931399E29}.Release|Any CPU.Build.0 = Release|Any CPU
		{455A618C-4513-4FE8-8508-6DD87FA917FE}.Debug|Any CPU.ActiveCfg = Debug|Any CPU
		{455A618C-4513-4FE8-8508-6DD87FA917FE}.Debug|Any CPU.Build.0 = Debug|Any CPU
		{455A618C-4513-4FE8-8508-6DD87FA917FE}.Release|Any CPU.ActiveCfg = Release|Any CPU
		{455A618C-4513-4FE8-8508-6DD87FA917FE}.Release|Any CPU.Build.0 = Release|Any CPU
		{5DD3FA29-CD5D-44E4-A613-30745484F209}.Debug|Any CPU.ActiveCfg = Debug|Any CPU
		{5DD3FA29-CD5D-44E4-A613-30745484F209}.Debug|Any CPU.Build.0 = Debug|Any CPU
		{5DD3FA29-CD5D-44E4-A613-30745484F209}.Release|Any CPU.ActiveCfg = Release|Any CPU
		{5DD3FA29-CD5D-44E4-A613-30745484F209}.Release|Any CPU.Build.0 = Release|Any CPU
		{4C9DE107-68CE-453C-82CB-ED250AE9DF11}.Debug|Any CPU.ActiveCfg = Debug|Any CPU
		{4C9DE107-68CE-453C-82CB-ED250AE9DF11}.Debug|Any CPU.Build.0 = Debug|Any CPU
		{4C9DE107-68CE-453C-82CB-ED250AE9DF11}.Release|Any CPU.ActiveCfg = Release|Any CPU
		{4C9DE107-68CE-453C-82CB-ED250AE9DF11}.Release|Any CPU.Build.0 = Release|Any CPU
		{9F557A45-314F-4554-8BC9-2926E8EB7D4B}.Debug|Any CPU.ActiveCfg = Debug|Any CPU
		{9F557A45-314F-4554-8BC9-2926E8EB7D4B}.Debug|Any CPU.Build.0 = Debug|Any CPU
		{9F557A45-314F-4554-8BC9-2926E8EB7D4B}.Release|Any CPU.ActiveCfg = Release|Any CPU
		{9F557A45-314F-4554-8BC9-2926E8EB7D4B}.Release|Any CPU.Build.0 = Release|Any CPU
		{D0B32842-FBA5-4E5D-82E7-FE25CCF5EE3B}.Debug|Any CPU.ActiveCfg = Debug|Any CPU
		{D0B32842-FBA5-4E5D-82E7-FE25CCF5EE3B}.Debug|Any CPU.Build.0 = Debug|Any CPU
		{D0B32842-FBA5-4E5D-82E7-FE25CCF5EE3B}.Release|Any CPU.ActiveCfg = Release|Any CPU
		{D0B32842-FBA5-4E5D-82E7-FE25CCF5EE3B}.Release|Any CPU.Build.0 = Release|Any CPU
		{85FDFE85-70FD-4ECB-A6CA-1E3402C5323E}.Debug|Any CPU.ActiveCfg = Debug|Any CPU
		{85FDFE85-70FD-4ECB-A6CA-1E3402C5323E}.Debug|Any CPU.Build.0 = Debug|Any CPU
		{85FDFE85-70FD-4ECB-A6CA-1E3402C5323E}.Release|Any CPU.ActiveCfg = Release|Any CPU
		{85FDFE85-70FD-4ECB-A6CA-1E3402C5323E}.Release|Any CPU.Build.0 = Release|Any CPU
		{6F84D89C-7605-4649-AE4F-CAAC006C0314}.Debug|Any CPU.ActiveCfg = Debug|Any CPU
		{6F84D89C-7605-4649-AE4F-CAAC006C0314}.Debug|Any CPU.Build.0 = Debug|Any CPU
		{6F84D89C-7605-4649-AE4F-CAAC006C0314}.Release|Any CPU.ActiveCfg = Release|Any CPU
		{6F84D89C-7605-4649-AE4F-CAAC006C0314}.Release|Any CPU.Build.0 = Release|Any CPU
		{427EDA18-6FBA-40BA-9C87-D394FB1B0C1B}.Debug|Any CPU.ActiveCfg = Debug|Any CPU
		{427EDA18-6FBA-40BA-9C87-D394FB1B0C1B}.Debug|Any CPU.Build.0 = Debug|Any CPU
		{427EDA18-6FBA-40BA-9C87-D394FB1B0C1B}.Release|Any CPU.ActiveCfg = Release|Any CPU
		{427EDA18-6FBA-40BA-9C87-D394FB1B0C1B}.Release|Any CPU.Build.0 = Release|Any CPU
		{39B241B7-9E8C-48C4-918C-DF643B624F3B}.Debug|Any CPU.ActiveCfg = Debug|Any CPU
		{39B241B7-9E8C-48C4-918C-DF643B624F3B}.Debug|Any CPU.Build.0 = Debug|Any CPU
		{39B241B7-9E8C-48C4-918C-DF643B624F3B}.Release|Any CPU.ActiveCfg = Release|Any CPU
		{39B241B7-9E8C-48C4-918C-DF643B624F3B}.Release|Any CPU.Build.0 = Release|Any CPU
		{59B91CC9-B349-41AF-9111-37C18C996293}.Debug|Any CPU.ActiveCfg = Debug|Any CPU
		{59B91CC9-B349-41AF-9111-37C18C996293}.Debug|Any CPU.Build.0 = Debug|Any CPU
		{59B91CC9-B349-41AF-9111-37C18C996293}.Release|Any CPU.ActiveCfg = Release|Any CPU
		{59B91CC9-B349-41AF-9111-37C18C996293}.Release|Any CPU.Build.0 = Release|Any CPU
		{1D62DB62-72BC-4F84-A168-2AA184131B1C}.Debug|Any CPU.ActiveCfg = Debug|Any CPU
		{1D62DB62-72BC-4F84-A168-2AA184131B1C}.Debug|Any CPU.Build.0 = Debug|Any CPU
		{1D62DB62-72BC-4F84-A168-2AA184131B1C}.Release|Any CPU.ActiveCfg = Release|Any CPU
		{1D62DB62-72BC-4F84-A168-2AA184131B1C}.Release|Any CPU.Build.0 = Release|Any CPU
	EndGlobalSection
	GlobalSection(SolutionProperties) = preSolution
		HideSolutionNode = FALSE
	EndGlobalSection
	GlobalSection(NestedProjects) = preSolution
		{2CCCED1F-D034-47C5-B54F-6A74C12A51A1} = {C5C50A49-7633-438E-996F-88A4999386BF}
		{9E01489D-0D71-4E83-B0DE-63295AEA24D6} = {4BA8D153-4D67-4313-BA15-3417949A540D}
		{68B470E2-D77E-4751-B8A1-6BAEB0306084} = {FC2AE33E-9A9A-4FB5-A736-43E3DA10C9CB}
		{ABC486F0-9235-4CCC-8B0F-2E8E8135661B} = {FC2AE33E-9A9A-4FB5-A736-43E3DA10C9CB}
		{BA75E9D0-8FFC-42D3-BAD1-E2E931399E29} = {179E611E-558F-4A8D-BFA5-712993FA2374}
		{455A618C-4513-4FE8-8508-6DD87FA917FE} = {179E611E-558F-4A8D-BFA5-712993FA2374}
		{5DD3FA29-CD5D-44E4-A613-30745484F209} = {179E611E-558F-4A8D-BFA5-712993FA2374}
		{4C9DE107-68CE-453C-82CB-ED250AE9DF11} = {EE6F0199-CE29-4A60-BFB6-12BDF33CCD39}
		{9F557A45-314F-4554-8BC9-2926E8EB7D4B} = {EE6F0199-CE29-4A60-BFB6-12BDF33CCD39}
		{D0B32842-FBA5-4E5D-82E7-FE25CCF5EE3B} = {EE6F0199-CE29-4A60-BFB6-12BDF33CCD39}
		{85FDFE85-70FD-4ECB-A6CA-1E3402C5323E} = {EE6F0199-CE29-4A60-BFB6-12BDF33CCD39}
		{6F84D89C-7605-4649-AE4F-CAAC006C0314} = {EE6F0199-CE29-4A60-BFB6-12BDF33CCD39}
		{427EDA18-6FBA-40BA-9C87-D394FB1B0C1B} = {EE6F0199-CE29-4A60-BFB6-12BDF33CCD39}
		{39B241B7-9E8C-48C4-918C-DF643B624F3B} = {EE6F0199-CE29-4A60-BFB6-12BDF33CCD39}
		{59B91CC9-B349-41AF-9111-37C18C996293} = {EE6F0199-CE29-4A60-BFB6-12BDF33CCD39}
		{1D62DB62-72BC-4F84-A168-2AA184131B1C} = {EE6F0199-CE29-4A60-BFB6-12BDF33CCD39}
	EndGlobalSection
	GlobalSection(ExtensibilityGlobals) = postSolution
		SolutionGuid = {205674CC-6F6A-4A18-A9D8-7F636D05FBD9}
	EndGlobalSection
EndGlobal
